github.com/clearblade/go-utils v1.1.5-0.20240513160427-a20563b372a5 h1:bZ0WWsMfcukPazNfOG8rR/BXJieIDaF29YcJP0M1cu4=
github.com/clearblade/go-utils v1.1.5-0.20240513160427-a20563b372a5/go.mod h1:oCpgejfd+56P7nlPGDQ3mpYnQWHjoBjStBXAokqWKV4=
github.com/clearblade/mqtt_parsing v0.0.0-20160301165118-6ae49eac0961 h1:/T6Cq3XSwmuFoN6GDoPWgGpNW5X0Idx49DbfQazRUOQ=
github.com/clearblade/mqtt_parsing v0.0.0-20160301165118-6ae49eac0961/go.mod h1:xDP8quKbKO12G1Z5hbQFhAb9DekEe/sSKVOJdl9eRgA=
github.com/clearblade/paho.mqtt.golang v1.1.1-0.20260421160730-b6329df0f71f h1:3rJRV9MfFNlaMKxFxbGBmvmJfbs3/xPqiZzFRzLWQ4M=
github.com/clearblade/paho.mqtt.golang v1.1.1-0.20260421160730-b6329df0f71f/go.mod h1:1mWELoMR5h18thP6m4cUHMTloPCZ9dekUJF6Gabrt6Q=
github.com/fatih/structs v1.1.0 h1:Q7juDM0QtcnhCpeyLGQKyg4TOIghuNXrkL32pHAUMxo=
github.com/fatih/structs v1.1.0/go.mod h1:9NiDSp5zOcgEDl+j00MP/WkGVPOlPRLejGD8Ga6PJ7M=
github.com/gorilla/websocket v1.5.3 h1:saDtZ6Pbx/0u+bgYQ3q96pZgCzfhKXGPqt7kZ72aNNg=
github.com/gorilla/websocket v1.5.3/go.mod h1:YR8l580nyteQvAITg2hZ9XVh4b55+EU/adAjf1fMHhE=
github.com/mattwalo32/paho.mqtt.golang v1.5.1-jitter h1:9ZzNFHNCzrCozX5gM2AjoE5yarJtvxeF8aRxopTw9kI=
github.com/mattwalo32/paho.mqtt.golang v1.5.1-jitter/go.mod h1:SJXXYYYXoTrdAl//yo9JZfG2bRrQEv7sFlFOrblTc2E=
github.com/mitchellh/mapstructure v1.5.0 h1:jeMsZIYE/09sWLaz43PL7Gy6RuMjD2eJVyuac5Z2hdY=
github.com/mitchellh/mapstructure v1.5.0/go.mod h1:bFUtVrKA4DC2yAKiSyO/QUcy7e+RRV2QTWOzhPopBRo=
github.com/pkg/errors v0.8.1 h1:iURUrRGxPUNPdy5/HRSm+Yj6okJ6UtLINN0Q9M4+h3I=
github.com/pkg/errors v0.8.1/go.mod h1:bwawxfHBFNV+L2hUp1rHADufV3IMtnDRdf1r5NINEl0=
golang.org/x/net v0.48.0 h1:zyQRTTrjc33Lhh0fBgT/H3oZq9WuvRR5gPC70xpDiQU=
golang.org/x/net v0.48.0/go.mod h1:+ndRgGjkh8FGtu1w1FGbEC31if4VrNVMuKTgcAAnQRY=
golang.org/x/sync v0.19.0 h1:vV+1eWNmZ5geRlYjzm2adRgW2/mcpevXNg50YZtPCE4=
golang.org/x/sync v0.19.0/go.mod h1:9KTHXmSnoGruLpwFjVSX0lNNA75CykiMECbovNTZqGI=
